
Microsoft Visual Studio Solution File, Format Version 12.00
# Visual Studio Version 16
VisualStudioVersion = 16.0.31515.178
MinimumVisualStudioVersion = 10.0.40219.1
Project("{9A19103F-16F7-4668-BE54-9A1E7A4F7556}") = "countdowntimer", "sayac\countdowntimer.csproj", "{28698EC5-6FFA-4980-99B9-90F06CFFF41D}"
EndProject
Global
	GlobalSection(SolutionConfigurationPlatforms) = preSolution
		Debug|Any CPU = Debug|Any CPU
		Release|Any CPU = Release|Any CPU
	EndGlobalSection
	GlobalSection(ProjectConfigurationPlatforms) = postSolution
		{28698EC5-6FFA-4980-99B9-90F06CFFF41D}.Debug|Any CPU.ActiveCfg = Debug|Any CPU
		{28698EC5-6FFA-4980-99B9-90F06CFFF41D}.Debug|Any CPU.Build.0 = Debug|Any CPU
		{28698EC5-6FFA-4980-99B9-90F06CFFF41D}.Release|Any CPU.ActiveCfg = Release|Any CPU
		{28698EC5-6FFA-4980-99B9-90F06CFFF41D}.Release|Any CPU.Build.0 = Release|Any CPU
	EndGlobalSection
	GlobalSection(SolutionProperties) = preSolution
		HideSolutionNode = FALSE
	EndGlobalSection
	GlobalSection(ExtensibilityGlobals) = postSolution
		SolutionGuid = {25A6123A-D661-44C8-826C-950943CD8827}
	EndGlobalSection
EndGlobal
